
Microsoft Visual Studio Solution File, Format Version 12.00
# Visual Studio Version 17
VisualStudioVersion = 17.5.002.0
MinimumVisualStudioVersion = 10.0.40219.1
Project("{9A19103F-16F7-4668-BE54-9A1E7A4F7556}") = "task9", "task9.csproj", "{6961BCBC-FFAF-4279-8B61-98B86CCB26EA}"
EndProject
Global
	GlobalSection(SolutionConfigurationPlatforms) = preSolution
		Debug|Any CPU = Debug|Any CPU
		Release|Any CPU = Release|Any CPU
	EndGlobalSection
	GlobalSection(ProjectConfigurationPlatforms) = postSolution
		{6961BCBC-FFAF-4279-8B61-98B86CCB26EA}.Debug|Any CPU.ActiveCfg = Debug|Any CPU
		{6961BCBC-FFAF-4279-8B61-98B86CCB26EA}.Debug|Any CPU.Build.0 = Debug|Any CPU
		{6961BCBC-FFAF-4279-8B61-98B86CCB26EA}.Release|Any CPU.ActiveCfg = Release|Any CPU
		{6961BCBC-FFAF-4279-8B61-98B86CCB26EA}.Release|Any CPU.Build.0 = Release|Any CPU
	EndGlobalSection
	GlobalSection(SolutionProperties) = preSolution
		HideSolutionNode = FALSE
	EndGlobalSection
	GlobalSection(ExtensibilityGlobals) = postSolution
		SolutionGuid = {B4FD251B-5DE5-42F6-B3CE-3D3E79924D45}
	EndGlobalSection
EndGlobal
